
Microsoft Visual Studio Solution File, Format Version 12.00
Project("{FAE04EC0-301F-11D3-BF4B-00C04F79EFBC}") = "apbd-tut12", "apbd-tut12\apbd-tut12.csproj", "{6DB66BBB-E70F-404D-877F-B9E8225E6035}"
EndProject
Global
	GlobalSection(SolutionConfigurationPlatforms) = preSolution
		Debug|Any CPU = Debug|Any CPU
		Release|Any CPU = Release|Any CPU
	EndGlobalSection
	GlobalSection(ProjectConfigurationPlatforms) = postSolution
		{6DB66BBB-E70F-404D-877F-B9E8225E6035}.Debug|Any CPU.ActiveCfg = Debug|Any CPU
		{6DB66BBB-E70F-404D-877F-B9E8225E6035}.Debug|Any CPU.Build.0 = Debug|Any CPU
		{6DB66BBB-E70F-404D-877F-B9E8225E6035}.Release|Any CPU.ActiveCfg = Release|Any CPU
		{6DB66BBB-E70F-404D-877F-B9E8225E6035}.Release|Any CPU.Build.0 = Release|Any CPU
	EndGlobalSection
EndGlobal
